// !$*UTF8*$!
{
	archiveVersion = 1;
	classes = {
	};
	objectVersion = 50;
	objects = {

/* Begin PBXBuildFile section */
		632B71C6237676EB006EB1B1 /* C++98.cpp in Sources */ = {isa = PBXBuildFile; fileRef = 632B71C4237676EB006EB1B1 /* C++98.cpp */; };
		63913D622371C5F600A0E1A4 /* main.cpp in Sources */ = {isa = PBXBuildFile; fileRef = 63913D612371C5F600A0E1A4 /* main.cpp */; };
		63913D6A2371C81200A0E1A4 /* General.cpp in Sources */ = {isa = PBXBuildFile; fileRef = 63913D692371C81200A0E1A4 /* General.cpp */; };
		63913D6D2371C97500A0E1A4 /* C++11.cpp in Sources */ = {isa = PBXBuildFile; fileRef = 63913D6B2371C97500A0E1A4 /* C++11.cpp */; };
		63BFB4F523725A4500D0265B /* C++STL.cpp in Sources */ = {isa = PBXBuildFile; fileRef = 63BFB4F323725A4500D0265B /* C++STL.cpp */; };
		63BFB4F82373C6B200D0265B /* SortingTech.cpp in Sources */ = {isa = PBXBuildFile; fileRef = 63BFB4F62373C6B200D0265B /* SortingTech.cpp */; };
/* End PBXBuildFile section */

/* Begin PBXCopyFilesBuildPhase section */
		63913D5C2371C5F600A0E1A4 /* CopyFiles */ = {
			isa = PBXCopyFilesBuildPhase;
			buildActionMask = 2147483647;
			dstPath = /usr/share/man/man1/;
			dstSubfolderSpec = 0;
			files = (
			);
			runOnlyForDeploymentPostprocessing = 1;
		};
/* End PBXCopyFilesBuildPhase section */

/* Begin PBXFileReference section */
		632B71C4237676EB006EB1B1 /* C++98.cpp */ = {isa = PBXFileReference; lastKnownFileType = sourcecode.cpp.cpp; path = "C++98.cpp"; sourceTree = "<group>"; };
		632B71C5237676EB006EB1B1 /* C++98.hpp */ = {isa = PBXFileReference; lastKnownFileType = sourcecode.cpp.h; path = "C++98.hpp"; sourceTree = "<group>"; };
		63913D5E2371C5F600A0E1A4 /* FirstandLast */ = {isa = PBXFileReference; explicitFileType = "compiled.mach-o.executable"; includeInIndex = 0; path = FirstandLast; sourceTree = BUILT_PRODUCTS_DIR; };
		63913D612371C5F600A0E1A4 /* main.cpp */ = {isa = PBXFileReference; lastKnownFileType = sourcecode.cpp.cpp; path = main.cpp; sourceTree = "<group>"; };
		63913D682371C7AE00A0E1A4 /* General.h */ = {isa = PBXFileReference; lastKnownFileType = sourcecode.c.h; path = General.h; sourceTree = "<group>"; };
		63913D692371C81200A0E1A4 /* General.cpp */ = {isa = PBXFileReference; lastKnownFileType = sourcecode.cpp.cpp; path = General.cpp; sourceTree = "<group>"; };
		63913D6B2371C97500A0E1A4 /* C++11.cpp */ = {isa = PBXFileReference; lastKnownFileType = sourcecode.cpp.cpp; path = "C++11.cpp"; sourceTree = "<group>"; };
		63913D6C2371C97500A0E1A4 /* C++11.hpp */ = {isa = PBXFileReference; lastKnownFileType = sourcecode.cpp.h; path = "C++11.hpp"; sourceTree = "<group>"; };
		63BFB4F323725A4500D0265B /* C++STL.cpp */ = {isa = PBXFileReference; lastKnownFileType = sourcecode.cpp.cpp; path = "C++STL.cpp"; sourceTree = "<group>"; };
		63BFB4F423725A4500D0265B /* C++STL.hpp */ = {isa = PBXFileReference; lastKnownFileType = sourcecode.cpp.h; path = "C++STL.hpp"; sourceTree = "<group>"; };
		63BFB4F62373C6B200D0265B /* SortingTech.cpp */ = {isa = PBXFileReference; lastKnownFileType = sourcecode.cpp.cpp; path = SortingTech.cpp; sourceTree = "<group>"; };
		63BFB4F72373C6B200D0265B /* SortingTech.hpp */ = {isa = PBXFileReference; lastKnownFileType = sourcecode.cpp.h; path = SortingTech.hpp; sourceTree = "<group>"; };
/* End PBXFileReference section */

/* Begin PBXFrameworksBuildPhase section */
		63913D5B2371C5F600A0E1A4 /* Frameworks */ = {
			isa = PBXFrameworksBuildPhase;
			buildActionMask = 2147483647;
			files = (
			);
			runOnlyForDeploymentPostprocessing = 0;
		};
/* End PBXFrameworksBuildPhase section */

/* Begin PBXGroup section */
		63913D552371C5F600A0E1A4 = {
			isa = PBXGroup;
			children = (
				63913D602371C5F600A0E1A4 /* FirstandLast */,
				63913D5F2371C5F600A0E1A4 /* Products */,
			);
			sourceTree = "<group>";
		};
		63913D5F2371C5F600A0E1A4 /* Products */ = {
			isa = PBXGroup;
			children = (
				63913D5E2371C5F600A0E1A4 /* FirstandLast */,
			);
			name = Products;
			sourceTree = "<group>";
		};
		63913D602371C5F600A0E1A4 /* FirstandLast */ = {
			isa = PBXGroup;
			children = (
				63913D612371C5F600A0E1A4 /* main.cpp */,
				63913D682371C7AE00A0E1A4 /* General.h */,
				63913D692371C81200A0E1A4 /* General.cpp */,
				63913D6B2371C97500A0E1A4 /* C++11.cpp */,
				63913D6C2371C97500A0E1A4 /* C++11.hpp */,
				63BFB4F323725A4500D0265B /* C++STL.cpp */,
				63BFB4F423725A4500D0265B /* C++STL.hpp */,
				63BFB4F62373C6B200D0265B /* SortingTech.cpp */,
				63BFB4F72373C6B200D0265B /* SortingTech.hpp */,
				632B71C4237676EB006EB1B1 /* C++98.cpp */,
				632B71C5237676EB006EB1B1 /* C++98.hpp */,
			);
			path = FirstandLast;
			sourceTree = "<group>";
		};
/* End PBXGroup section */

/* Begin PBXNativeTarget section */
		63913D5D2371C5F600A0E1A4 /* FirstandLast */ = {
			isa = PBXNativeTarget;
			buildConfigurationList = 63913D652371C5F600A0E1A4 /* Build configuration list for PBXNativeTarget "FirstandLast" */;
			buildPhases = (
				63913D5A2371C5F600A0E1A4 /* Sources */,
				63913D5B2371C5F600A0E1A4 /* Frameworks */,
				63913D5C2371C5F600A0E1A4 /* CopyFiles */,
			);
			buildRules = (
			);
			dependencies = (
			);
			name = FirstandLast;
			productName = FirstandLast;
			productReference = 63913D5E2371C5F600A0E1A4 /* FirstandLast */;
			productType = "com.apple.product-type.tool";
		};
/* End PBXNativeTarget section */

/* Begin PBXProject section */
		63913D562371C5F600A0E1A4 /* Project object */ = {
			isa = PBXProject;
			attributes = {
				LastUpgradeCheck = 1110;
				ORGANIZATIONNAME = Bunax;
				TargetAttributes = {
					63913D5D2371C5F600A0E1A4 = {
						CreatedOnToolsVersion = 11.1;
					};
				};
			};
			buildConfigurationList = 63913D592371C5F600A0E1A4 /* Build configuration list for PBXProject "FirstandLast" */;
			compatibilityVersion = "Xcode 9.3";
			developmentRegion = en;
			hasScannedForEncodings = 0;
			knownRegions = (
				en,
				Base,
			);
			mainGroup = 63913D552371C5F600A0E1A4;
			productRefGroup = 63913D5F2371C5F600A0E1A4 /* Products */;
			projectDirPath = "";
			projectRoot = "";
			targets = (
				63913D5D2371C5F600A0E1A4 /* FirstandLast */,
			);
		};
/* End PBXProject section */

/* Begin PBXSourcesBuildPhase section */
		63913D5A2371C5F600A0E1A4 /* Sources */ = {
			isa = PBXSourcesBuildPhase;
			buildActionMask = 2147483647;
			files = (
				632B71C6237676EB006EB1B1 /* C++98.cpp in Sources */,
				63913D6D2371C97500A0E1A4 /* C++11.cpp in Sources */,
				63913D6A2371C81200A0E1A4 /* General.cpp in Sources */,
				63913D622371C5F600A0E1A4 /* main.cpp in Sources */,
				63BFB4F82373C6B200D0265B /* SortingTech.cpp in Sources */,
				63BFB4F523725A4500D0265B /* C++STL.cpp in Sources */,
			);
			runOnlyForDeploymentPostprocessing = 0;
		};
/* End PBXSourcesBuildPhase section */

/* Begin XCBuildConfiguration section */
		63913D632371C5F600A0E1A4 /* Debug */ = {
			isa = XCBuildConfiguration;
			buildSettings = {
				ALWAYS_SEARCH_USER_PATHS = NO;
				CLANG_ANALYZER_NONNULL = YES;
				CLANG_ANALYZER_NUMBER_OBJECT_CONVERSION = YES_AGGRESSIVE;
				CLANG_CXX_LANGUAGE_STANDARD = "gnu++14";
				CLANG_CXX_LIBRARY = "libc++";
				CLANG_ENABLE_MODULES = YES;
				CLANG_ENABLE_OBJC_ARC = YES;
				CLANG_ENABLE_OBJC_WEAK = YES;
				CLANG_WARN_BLOCK_CAPTURE_AUTORELEASING = YES;
				CLANG_WARN_BOOL_CONVERSION = YES;
				CLANG_WARN_COMMA = YES;
				CLANG_WARN_CONSTANT_CONVERSION = YES;
				CLANG_WARN_DEPRECATED_OBJC_IMPLEMENTATIONS = YES;
				CLANG_WARN_DIRECT_OBJC_ISA_USAGE = YES_ERROR;
				CLANG_WARN_DOCUMENTATION_COMMENTS = YES;
				CLANG_WARN_EMPTY_BODY = YES;
				CLANG_WARN_ENUM_CONVERSION = YES;
				CLANG_WARN_INFINITE_RECURSION = YES;
				CLANG_WARN_INT_CONVERSION = YES;
				CLANG_WARN_NON_LITERAL_NULL_CONVERSION = YES;
				CLANG_WARN_OBJC_IMPLICIT_RETAIN_SELF = YES;
				CLANG_WARN_OBJC_LITERAL_CONVERSION = YES;
				CLANG_WARN_OBJC_ROOT_CLASS = YES_ERROR;
				CLANG_WARN_RANGE_LOOP_ANALYSIS = YES;
				CLANG_WARN_STRICT_PROTOTYPES = YES;
				CLANG_WARN_SUSPICIOUS_MOVE = YES;
				CLANG_WARN_UNGUARDED_AVAILABILITY = YES_AGGRESSIVE;
				CLANG_WARN_UNREACHABLE_CODE = YES;
				CLANG_WARN__DUPLICATE_METHOD_MATCH = YES;
				COPY_PHASE_STRIP = NO;
				DEBUG_INFORMATION_FORMAT = dwarf;
				ENABLE_STRICT_OBJC_MSGSEND = YES;
				ENABLE_TESTABILITY = YES;
				GCC_C_LANGUAGE_STANDARD = gnu11;
				GCC_DYNAMIC_NO_PIC = NO;
				GCC_NO_COMMON_BLOCKS = YES;
				GCC_OPTIMIZATION_LEVEL = 0;
				GCC_PREPROCESSOR_DEFINITIONS = (
					"DEBUG=1",
					"$(inherited)",
				);
				GCC_WARN_64_TO_32_BIT_CONVERSION = YES;
				GCC_WARN_ABOUT_RETURN_TYPE = YES_ERROR;
				GCC_WARN_UNDECLARED_SELECTOR = YES;
				GCC_WARN_UNINITIALIZED_AUTOS = YES_AGGRESSIVE;
				GCC_WARN_UNUSED_FUNCTION = YES;
				GCC_WARN_UNUSED_VARIABLE = YES;
				MACOSX_DEPLOYMENT_TARGET = 10.14;
				MTL_ENABLE_DEBUG_INFO = INCLUDE_SOURCE;
				MTL_FAST_MATH = YES;
				ONLY_ACTIVE_ARCH = YES;
				SDKROOT = macosx;
			};
			name = Debug;
		};
		63913D642371C5F600A0E1A4 /* Release */ = {
			isa = XCBuildConfiguration;
			buildSettings = {
				ALWAYS_SEARCH_USER_PATHS = NO;
				CLANG_ANALYZER_NONNULL = YES;
				CLANG_ANALYZER_NUMBER_OBJECT_CONVERSION = YES_AGGRESSIVE;
				CLANG_CXX_LANGUAGE_STANDARD = "gnu++14";
				CLANG_CXX_LIBRARY = "libc++";
				CLANG_ENABLE_MODULES = YES;
				CLANG_ENABLE_OBJC_ARC = YES;
				CLANG_ENABLE_OBJC_WEAK = YES;
				CLANG_WARN_BLOCK_CAPTURE_AUTORELEASING = YES;
				CLANG_WARN_BOOL_CONVERSION = YES;
				CLANG_WARN_COMMA = YES;
				CLANG_WARN_CONSTANT_CONVERSION = YES;
				CLANG_WARN_DEPRECATED_OBJC_IMPLEMENTATIONS = YES;
				CLANG_WARN_DIRECT_OBJC_ISA_USAGE = YES_ERROR;
				CLANG_WARN_DOCUMENTATION_COMMENTS = YES;
				CLANG_WARN_EMPTY_BODY = YES;
				CLANG_WARN_ENUM_CONVERSION = YES;
				CLANG_WARN_INFINITE_RECURSION = YES;
				CLANG_WARN_INT_CONVERSION = YES;
				CLANG_WARN_NON_LITERAL_NULL_CONVERSION = YES;
				CLANG_WARN_OBJC_IMPLICIT_RETAIN_SELF = YES;
				CLANG_WARN_OBJC_LITERAL_CONVERSION = YES;
				CLANG_WARN_OBJC_ROOT_CLASS = YES_ERROR;
				CLANG_WARN_RANGE_LOOP_ANALYSIS = YES;
				CLANG_WARN_STRICT_PROTOTYPES = YES;
				CLANG_WARN_SUSPICIOUS_MOVE = YES;
				CLANG_WARN_UNGUARDED_AVAILABILITY = YES_AGGRESSIVE;
				CLANG_WARN_UNREACHABLE_CODE = YES;
				CLANG_WARN__DUPLICATE_METHOD_MATCH = YES;
				COPY_PHASE_STRIP = NO;
				DEBUG_INFORMATION_FORMAT = "dwarf-with-dsym";
				ENABLE_NS_ASSERTIONS = NO;
				ENABLE_STRICT_OBJC_MSGSEND = YES;
				GCC_C_LANGUAGE_STANDARD = gnu11;
				GCC_NO_COMMON_BLOCKS = YES;
				GCC_WARN_64_TO_32_BIT_CONVERSION = YES;
				GCC_WARN_ABOUT_RETURN_TYPE = YES_ERROR;
				GCC_WARN_UNDECLARED_SELECTOR = YES;
				GCC_WARN_UNINITIALIZED_AUTOS = YES_AGGRESSIVE;
				GCC_WARN_UNUSED_FUNCTION = YES;
				GCC_WARN_UNUSED_VARIABLE = YES;
				MACOSX_DEPLOYMENT_TARGET = 10.14;
				MTL_ENABLE_DEBUG_INFO = NO;
				MTL_FAST_MATH = YES;
				SDKROOT = macosx;
			};
			name = Release;
		};
		63913D662371C5F600A0E1A4 /* Debug */ = {
			isa = XCBuildConfiguration;
			buildSettings = {
				CODE_SIGN_STYLE = Automatic;
				PRODUCT_NAME = "$(TARGET_NAME)";
			};
			name = Debug;
		};
		63913D672371C5F600A0E1A4 /* Release */ = {
			isa = XCBuildConfiguration;
			buildSettings = {
				CODE_SIGN_STYLE = Automatic;
				PRODUCT_NAME = "$(TARGET_NAME)";
			};
			name = Release;
		};
/* End XCBuildConfiguration section */

/* Begin XCConfigurationList section */
		63913D592371C5F600A0E1A4 /* Build configuration list for PBXProject "FirstandLast" */ = {
			isa = XCConfigurationList;
			buildConfigurations = (
				63913D632371C5F600A0E1A4 /* Debug */,
				63913D642371C5F600A0E1A4 /* Release */,
			);
			defaultConfigurationIsVisible = 0;
			defaultConfigurationName = Release;
		};
		63913D652371C5F600A0E1A4 /* Build configuration list for PBXNativeTarget "FirstandLast" */ = {
			isa = XCConfigurationList;
			buildConfigurations = (
				63913D662371C5F600A0E1A4 /* Debug */,
				63913D672371C5F600A0E1A4 /* Release */,
			);
			defaultConfigurationIsVisible = 0;
			defaultConfigurationName = Release;
		};
/* End XCConfigurationList section */
	};
	rootObject = 63913D562371C5F600A0E1A4 /* Project object */;
}
